
Microsoft Visual Studio Solution File, Format Version 12.00
Project("{FAE04EC0-301F-11D3-BF4B-00C04F79EFBC}") = "MioShield", "MioShield.csproj", "{A50D934B-8421-49A6-85DD-02C56FADB348}"
EndProject
Global
	GlobalSection(SolutionConfigurationPlatforms) = preSolution
		Debug|Any CPU = Debug|Any CPU
		Release|Any CPU = Release|Any CPU
	EndGlobalSection
	GlobalSection(ProjectConfigurationPlatforms) = postSolution
		{A50D934B-8421-49A6-85DD-02C56FADB348}.Debug|Any CPU.ActiveCfg = Debug|Any CPU
		{A50D934B-8421-49A6-85DD-02C56FADB348}.Debug|Any CPU.Build.0 = Debug|Any CPU
		{A50D934B-8421-49A6-85DD-02C56FADB348}.Release|Any CPU.ActiveCfg = Release|Any CPU
		{A50D934B-8421-49A6-85DD-02C56FADB348}.Release|Any CPU.Build.0 = Release|Any CPU
	EndGlobalSection
EndGlobal
